
Microsoft Visual Studio Solution File, Format Version 12.00
# Visual Studio Version 16
VisualStudioVersion = 16.0.30804.86
MinimumVisualStudioVersion = 10.0.40219.1
Project("{9A19103F-16F7-4668-BE54-9A1E7A4F7556}") = "DM.Data", "DM.Data\DM.Data.csproj", "{4AF6617B-FE95-4891-BFD6-B5B7CDA3FBC6}"
EndProject
Project("{9A19103F-16F7-4668-BE54-9A1E7A4F7556}") = "DM.Services", "DM.Services\DM.Services.csproj", "{992B300C-DD13-42DA-A526-26819E0AE957}"
EndProject
Project("{9A19103F-16F7-4668-BE54-9A1E7A4F7556}") = "DocumentManagerAPI", "DM.Web\DocumentManagerAPI.csproj", "{8BB545DF-3A34-414D-8F39-C0D6ADB0E66B}"
EndProject
Global
	GlobalSection(SolutionConfigurationPlatforms) = preSolution
		Debug|Any CPU = Debug|Any CPU
		Release|Any CPU = Release|Any CPU
	EndGlobalSection
	GlobalSection(ProjectConfigurationPlatforms) = postSolution
		{4AF6617B-FE95-4891-BFD6-B5B7CDA3FBC6}.Debug|Any CPU.ActiveCfg = Debug|Any CPU
		{4AF6617B-FE95-4891-BFD6-B5B7CDA3FBC6}.Debug|Any CPU.Build.0 = Debug|Any CPU
		{4AF6617B-FE95-4891-BFD6-B5B7CDA3FBC6}.Release|Any CPU.ActiveCfg = Release|Any CPU
		{4AF6617B-FE95-4891-BFD6-B5B7CDA3FBC6}.Release|Any CPU.Build.0 = Release|Any CPU
		{992B300C-DD13-42DA-A526-26819E0AE957}.Debug|Any CPU.ActiveCfg = Debug|Any CPU
		{992B300C-DD13-42DA-A526-26819E0AE957}.Debug|Any CPU.Build.0 = Debug|Any CPU
		{992B300C-DD13-42DA-A526-26819E0AE957}.Release|Any CPU.ActiveCfg = Release|Any CPU
		{992B300C-DD13-42DA-A526-26819E0AE957}.Release|Any CPU.Build.0 = Release|Any CPU
		{8BB545DF-3A34-414D-8F39-C0D6ADB0E66B}.Debug|Any CPU.ActiveCfg = Debug|Any CPU
		{8BB545DF-3A34-414D-8F39-C0D6ADB0E66B}.Debug|Any CPU.Build.0 = Debug|Any CPU
		{8BB545DF-3A34-414D-8F39-C0D6ADB0E66B}.Release|Any CPU.ActiveCfg = Release|Any CPU
		{8BB545DF-3A34-414D-8F39-C0D6ADB0E66B}.Release|Any CPU.Build.0 = Release|Any CPU
	EndGlobalSection
	GlobalSection(SolutionProperties) = preSolution
		HideSolutionNode = FALSE
	EndGlobalSection
	GlobalSection(ExtensibilityGlobals) = postSolution
		SolutionGuid = {80391900-D322-4560-B6A2-D23BC13C1B06}
	EndGlobalSection
EndGlobal
